
Microsoft Visual Studio Solution File, Format Version 12.00
# Visual Studio 15
VisualStudioVersion = 15.0.27703.2026
MinimumVisualStudioVersion = 10.0.40219.1
Project("{FAE04EC0-301F-11D3-BF4B-00C04F79EFBC}") = "DirectionsApi", "DirectionsApi\DirectionsApi.csproj", "{C123CFFC-A30A-43F1-A19B-F29912418B4B}"
EndProject
Project("{FAE04EC0-301F-11D3-BF4B-00C04F79EFBC}") = "Utility", "Utility\Utility.csproj", "{9ADABDC5-8355-4EEB-8E71-47020918903A}"
EndProject
Global
	GlobalSection(SolutionConfigurationPlatforms) = preSolution
		Debug|Any CPU = Debug|Any CPU
		Release|Any CPU = Release|Any CPU
	EndGlobalSection
	GlobalSection(ProjectConfigurationPlatforms) = postSolution
		{C123CFFC-A30A-43F1-A19B-F29912418B4B}.Debug|Any CPU.ActiveCfg = Debug|Any CPU
		{C123CFFC-A30A-43F1-A19B-F29912418B4B}.Debug|Any CPU.Build.0 = Debug|Any CPU
		{C123CFFC-A30A-43F1-A19B-F29912418B4B}.Release|Any CPU.ActiveCfg = Release|Any CPU
		{C123CFFC-A30A-43F1-A19B-F29912418B4B}.Release|Any CPU.Build.0 = Release|Any CPU
		{9ADABDC5-8355-4EEB-8E71-47020918903A}.Debug|Any CPU.ActiveCfg = Debug|Any CPU
		{9ADABDC5-8355-4EEB-8E71-47020918903A}.Debug|Any CPU.Build.0 = Debug|Any CPU
		{9ADABDC5-8355-4EEB-8E71-47020918903A}.Release|Any CPU.ActiveCfg = Release|Any CPU
		{9ADABDC5-8355-4EEB-8E71-47020918903A}.Release|Any CPU.Build.0 = Release|Any CPU
	EndGlobalSection
	GlobalSection(SolutionProperties) = preSolution
		HideSolutionNode = FALSE
	EndGlobalSection
	GlobalSection(ExtensibilityGlobals) = postSolution
		SolutionGuid = {367057A0-2EC4-4C60-BD9C-1F979FF2FEA2}
	EndGlobalSection
EndGlobal
